
Microsoft Visual Studio Solution File, Format Version 12.00
# Visual Studio 15
VisualStudioVersion = 15.0.27428.2005
MinimumVisualStudioVersion = 10.0.40219.1
Project("{FAE04EC0-301F-11D3-BF4B-00C04F79EFBC}") = "Useful", "Useful\Useful.csproj", "{51447621-73E4-486C-92DB-DA5202CAEDE8}"
EndProject
Global
	GlobalSection(SolutionConfigurationPlatforms) = preSolution
		Debug|Any CPU = Debug|Any CPU
		Release|Any CPU = Release|Any CPU
	EndGlobalSection
	GlobalSection(ProjectConfigurationPlatforms) = postSolution
		{51447621-73E4-486C-92DB-DA5202CAEDE8}.Debug|Any CPU.ActiveCfg = Debug|Any CPU
		{51447621-73E4-486C-92DB-DA5202CAEDE8}.Debug|Any CPU.Build.0 = Debug|Any CPU
		{51447621-73E4-486C-92DB-DA5202CAEDE8}.Release|Any CPU.ActiveCfg = Release|Any CPU
		{51447621-73E4-486C-92DB-DA5202CAEDE8}.Release|Any CPU.Build.0 = Release|Any CPU
	EndGlobalSection
	GlobalSection(SolutionProperties) = preSolution
		HideSolutionNode = FALSE
	EndGlobalSection
	GlobalSection(ExtensibilityGlobals) = postSolution
		SolutionGuid = {D92937A6-03E8-4603-A5F2-BA28E6F5B860}
	EndGlobalSection
EndGlobal
